// !$*UTF8*$!
{
	archiveVersion = 1;
	classes = {
	};
	objectVersion = 55;
	objects = {

/* Begin PBXBuildFile section */
		3E70B8762890E00E00DEBBFF /* AppDelegate.swift in Sources */ = {isa = PBXBuildFile; fileRef = 3E70B8752890E00E00DEBBFF /* AppDelegate.swift */; };
		3E70B8782890E00E00DEBBFF /* SceneDelegate.swift in Sources */ = {isa = PBXBuildFile; fileRef = 3E70B8772890E00E00DEBBFF /* SceneDelegate.swift */; };
		3E70B87A2890E00E00DEBBFF /* ViewController.swift in Sources */ = {isa = PBXBuildFile; fileRef = 3E70B8792890E00E00DEBBFF /* ViewController.swift */; };
		3E70B87D2890E00E00DEBBFF /* Main.storyboard in Resources */ = {isa = PBXBuildFile; fileRef = 3E70B87B2890E00E00DEBBFF /* Main.storyboard */; };
		3E70B87F2890E02200DEBBFF /* Assets.xcassets in Resources */ = {isa = PBXBuildFile; fileRef = 3E70B87E2890E02200DEBBFF /* Assets.xcassets */; };
		3E70B8822890E02200DEBBFF /* LaunchScreen.storyboard in Resources */ = {isa = PBXBuildFile; fileRef = 3E70B8802890E02200DEBBFF /* LaunchScreen.storyboard */; };
		3E70B88E2890EE1500DEBBFF /* Home.swift in Sources */ = {isa = PBXBuildFile; fileRef = 3E70B88D2890EE1500DEBBFF /* Home.swift */; };
		3E70B8932890EF4800DEBBFF /* UIImageView+Foundation.swift in Sources */ = {isa = PBXBuildFile; fileRef = 3E70B88F2890EF4800DEBBFF /* UIImageView+Foundation.swift */; };
		3E70B8942890EF4800DEBBFF /* UIImage+SCFoundation.swift in Sources */ = {isa = PBXBuildFile; fileRef = 3E70B8902890EF4800DEBBFF /* UIImage+SCFoundation.swift */; };
		3E70B8992890F3A100DEBBFF /* BFNetwork.swift in Sources */ = {isa = PBXBuildFile; fileRef = 3E70B8982890F3A100DEBBFF /* BFNetwork.swift */; };
		8C5A7FE74AC188352D4E9470 /* Pods_BF_Test.framework in Frameworks */ = {isa = PBXBuildFile; fileRef = C8C0B7FF6D200B1DD2F3A80C /* Pods_BF_Test.framework */; };
/* End PBXBuildFile section */

/* Begin PBXFileReference section */
		1B035D886B4939A528D3F427 /* Pods-BF_Test.release.xcconfig */ = {isa = PBXFileReference; includeInIndex = 1; lastKnownFileType = text.xcconfig; name = "Pods-BF_Test.release.xcconfig"; path = "Target Support Files/Pods-BF_Test/Pods-BF_Test.release.xcconfig"; sourceTree = "<group>"; };
		3E70B8722890E00E00DEBBFF /* BF_Test.app */ = {isa = PBXFileReference; explicitFileType = wrapper.application; includeInIndex = 0; path = BF_Test.app; sourceTree = BUILT_PRODUCTS_DIR; };
		3E70B8752890E00E00DEBBFF /* AppDelegate.swift */ = {isa = PBXFileReference; lastKnownFileType = sourcecode.swift; path = AppDelegate.swift; sourceTree = "<group>"; };
		3E70B8772890E00E00DEBBFF /* SceneDelegate.swift */ = {isa = PBXFileReference; lastKnownFileType = sourcecode.swift; path = SceneDelegate.swift; sourceTree = "<group>"; };
		3E70B8792890E00E00DEBBFF /* ViewController.swift */ = {isa = PBXFileReference; lastKnownFileType = sourcecode.swift; path = ViewController.swift; sourceTree = "<group>"; };
		3E70B87C2890E00E00DEBBFF /* Base */ = {isa = PBXFileReference; lastKnownFileType = file.storyboard; name = Base; path = Base.lproj/Main.storyboard; sourceTree = "<group>"; };
		3E70B87E2890E02200DEBBFF /* Assets.xcassets */ = {isa = PBXFileReference; lastKnownFileType = folder.assetcatalog; path = Assets.xcassets; sourceTree = "<group>"; };
		3E70B8812890E02200DEBBFF /* Base */ = {isa = PBXFileReference; lastKnownFileType = file.storyboard; name = Base; path = Base.lproj/LaunchScreen.storyboard; sourceTree = "<group>"; };
		3E70B8832890E02200DEBBFF /* Info.plist */ = {isa = PBXFileReference; lastKnownFileType = text.plist.xml; path = Info.plist; sourceTree = "<group>"; };
		3E70B88D2890EE1500DEBBFF /* Home.swift */ = {isa = PBXFileReference; lastKnownFileType = sourcecode.swift; path = Home.swift; sourceTree = "<group>"; };
		3E70B88F2890EF4800DEBBFF /* UIImageView+Foundation.swift */ = {isa = PBXFileReference; fileEncoding = 4; lastKnownFileType = sourcecode.swift; path = "UIImageView+Foundation.swift"; sourceTree = "<group>"; };
		3E70B8902890EF4800DEBBFF /* UIImage+SCFoundation.swift */ = {isa = PBXFileReference; fileEncoding = 4; lastKnownFileType = sourcecode.swift; path = "UIImage+SCFoundation.swift"; sourceTree = "<group>"; };
		3E70B8982890F3A100DEBBFF /* BFNetwork.swift */ = {isa = PBXFileReference; lastKnownFileType = sourcecode.swift; path = BFNetwork.swift; sourceTree = "<group>"; };
		7794FF2DA090F3E9E82A6C1F /* Pods-BF_Test.debug.xcconfig */ = {isa = PBXFileReference; includeInIndex = 1; lastKnownFileType = text.xcconfig; name = "Pods-BF_Test.debug.xcconfig"; path = "Target Support Files/Pods-BF_Test/Pods-BF_Test.debug.xcconfig"; sourceTree = "<group>"; };
		C8C0B7FF6D200B1DD2F3A80C /* Pods_BF_Test.framework */ = {isa = PBXFileReference; explicitFileType = wrapper.framework; includeInIndex = 0; path = Pods_BF_Test.framework; sourceTree = BUILT_PRODUCTS_DIR; };
/* End PBXFileReference section */

/* Begin PBXFrameworksBuildPhase section */
		3E70B86F2890E00E00DEBBFF /* Frameworks */ = {
			isa = PBXFrameworksBuildPhase;
			buildActionMask = 2147483647;
			files = (
				8C5A7FE74AC188352D4E9470 /* Pods_BF_Test.framework in Frameworks */,
			);
			runOnlyForDeploymentPostprocessing = 0;
		};
/* End PBXFrameworksBuildPhase section */

/* Begin PBXGroup section */
		14EC4FDC58BB26E357C8F221 /* Pods */ = {
			isa = PBXGroup;
			children = (
				7794FF2DA090F3E9E82A6C1F /* Pods-BF_Test.debug.xcconfig */,
				1B035D886B4939A528D3F427 /* Pods-BF_Test.release.xcconfig */,
			);
			path = Pods;
			sourceTree = "<group>";
		};
		3E70B8692890E00E00DEBBFF = {
			isa = PBXGroup;
			children = (
				3E70B8742890E00E00DEBBFF /* BF_Test */,
				3E70B8732890E00E00DEBBFF /* Products */,
				14EC4FDC58BB26E357C8F221 /* Pods */,
				43378C42975606D20262F850 /* Frameworks */,
			);
			sourceTree = "<group>";
		};
		3E70B8732890E00E00DEBBFF /* Products */ = {
			isa = PBXGroup;
			children = (
				3E70B8722890E00E00DEBBFF /* BF_Test.app */,
			);
			name = Products;
			sourceTree = "<group>";
		};
		3E70B8742890E00E00DEBBFF /* BF_Test */ = {
			isa = PBXGroup;
			children = (
				3E70B8972890EF6D00DEBBFF /* Module */,
				3E70B8752890E00E00DEBBFF /* AppDelegate.swift */,
				3E70B8772890E00E00DEBBFF /* SceneDelegate.swift */,
				3E70B8792890E00E00DEBBFF /* ViewController.swift */,
				3E70B88D2890EE1500DEBBFF /* Home.swift */,
				3E70B87B2890E00E00DEBBFF /* Main.storyboard */,
				3E70B87E2890E02200DEBBFF /* Assets.xcassets */,
				3E70B8802890E02200DEBBFF /* LaunchScreen.storyboard */,
				3E70B8832890E02200DEBBFF /* Info.plist */,
			);
			path = BF_Test;
			sourceTree = "<group>";
		};
		3E70B8972890EF6D00DEBBFF /* Module */ = {
			isa = PBXGroup;
			children = (
				3E70B8982890F3A100DEBBFF /* BFNetwork.swift */,
				3E70B8902890EF4800DEBBFF /* UIImage+SCFoundation.swift */,
				3E70B88F2890EF4800DEBBFF /* UIImageView+Foundation.swift */,
			);
			path = Module;
			sourceTree = "<group>";
		};
		43378C42975606D20262F850 /* Frameworks */ = {
			isa = PBXGroup;
			children = (
				C8C0B7FF6D200B1DD2F3A80C /* Pods_BF_Test.framework */,
			);
			name = Frameworks;
			sourceTree = "<group>";
		};
/* End PBXGroup section */

/* Begin PBXNativeTarget section */
		3E70B8712890E00E00DEBBFF /* BF_Test */ = {
			isa = PBXNativeTarget;
			buildConfigurationList = 3E70B8862890E02200DEBBFF /* Build configuration list for PBXNativeTarget "BF_Test" */;
			buildPhases = (
				E8F5135443F45FDC12A812C4 /* [CP] Check Pods Manifest.lock */,
				3E70B86E2890E00E00DEBBFF /* Sources */,
				3E70B86F2890E00E00DEBBFF /* Frameworks */,
				3E70B8702890E00E00DEBBFF /* Resources */,
				98C4C36A28BB5368E65F8A39 /* [CP] Embed Pods Frameworks */,
			);
			buildRules = (
			);
			dependencies = (
			);
			name = BF_Test;
			productName = BF_Test;
			productReference = 3E70B8722890E00E00DEBBFF /* BF_Test.app */;
			productType = "com.apple.product-type.application";
		};
/* End PBXNativeTarget section */

/* Begin PBXProject section */
		3E70B86A2890E00E00DEBBFF /* Project object */ = {
			isa = PBXProject;
			attributes = {
				BuildIndependentTargetsInParallel = 1;
				LastSwiftUpdateCheck = 1340;
				LastUpgradeCheck = 1340;
				TargetAttributes = {
					3E70B8712890E00E00DEBBFF = {
						CreatedOnToolsVersion = 13.4.1;
					};
				};
			};
			buildConfigurationList = 3E70B86D2890E00E00DEBBFF /* Build configuration list for PBXProject "BF_Test" */;
			compatibilityVersion = "Xcode 13.0";
			developmentRegion = en;
			hasScannedForEncodings = 0;
			knownRegions = (
				en,
				Base,
			);
			mainGroup = 3E70B8692890E00E00DEBBFF;
			productRefGroup = 3E70B8732890E00E00DEBBFF /* Products */;
			projectDirPath = "";
			projectRoot = "";
			targets = (
				3E70B8712890E00E00DEBBFF /* BF_Test */,
			);
		};
/* End PBXProject section */

/* Begin PBXResourcesBuildPhase section */
		3E70B8702890E00E00DEBBFF /* Resources */ = {
			isa = PBXResourcesBuildPhase;
			buildActionMask = 2147483647;
			files = (
				3E70B8822890E02200DEBBFF /* LaunchScreen.storyboard in Resources */,
				3E70B87F2890E02200DEBBFF /* Assets.xcassets in Resources */,
				3E70B87D2890E00E00DEBBFF /* Main.storyboard in Resources */,
			);
			runOnlyForDeploymentPostprocessing = 0;
		};
/* End PBXResourcesBuildPhase section */

/* Begin PBXShellScriptBuildPhase section */
		98C4C36A28BB5368E65F8A39 /* [CP] Embed Pods Frameworks */ = {
			isa = PBXShellScriptBuildPhase;
			buildActionMask = 2147483647;
			files = (
			);
			inputFileListPaths = (
				"${PODS_ROOT}/Target Support Files/Pods-BF_Test/Pods-BF_Test-frameworks-${CONFIGURATION}-input-files.xcfilelist",
			);
			name = "[CP] Embed Pods Frameworks";
			outputFileListPaths = (
				"${PODS_ROOT}/Target Support Files/Pods-BF_Test/Pods-BF_Test-frameworks-${CONFIGURATION}-output-files.xcfilelist",
			);
			runOnlyForDeploymentPostprocessing = 0;
			shellPath = /bin/sh;
			shellScript = "\"${PODS_ROOT}/Target Support Files/Pods-BF_Test/Pods-BF_Test-frameworks.sh\"\n";
			showEnvVarsInLog = 0;
		};
		E8F5135443F45FDC12A812C4 /* [CP] Check Pods Manifest.lock */ = {
			isa = PBXShellScriptBuildPhase;
			buildActionMask = 2147483647;
			files = (
			);
			inputFileListPaths = (
			);
			inputPaths = (
				"${PODS_PODFILE_DIR_PATH}/Podfile.lock",
				"${PODS_ROOT}/Manifest.lock",
			);
			name = "[CP] Check Pods Manifest.lock";
			outputFileListPaths = (
			);
			outputPaths = (
				"$(DERIVED_FILE_DIR)/Pods-BF_Test-checkManifestLockResult.txt",
			);
			runOnlyForDeploymentPostprocessing = 0;
			shellPath = /bin/sh;
			shellScript = "diff \"${PODS_PODFILE_DIR_PATH}/Podfile.lock\" \"${PODS_ROOT}/Manifest.lock\" > /dev/null\nif [ $? != 0 ] ; then\n    # print error to STDERR\n    echo \"error: The sandbox is not in sync with the Podfile.lock. Run 'pod install' or update your CocoaPods installation.\" >&2\n    exit 1\nfi\n# This output is used by Xcode 'outputs' to avoid re-running this script phase.\necho \"SUCCESS\" > \"${SCRIPT_OUTPUT_FILE_0}\"\n";
			showEnvVarsInLog = 0;
		};
/* End PBXShellScriptBuildPhase section */

/* Begin PBXSourcesBuildPhase section */
		3E70B86E2890E00E00DEBBFF /* Sources */ = {
			isa = PBXSourcesBuildPhase;
			buildActionMask = 2147483647;
			files = (
				3E70B8942890EF4800DEBBFF /* UIImage+SCFoundation.swift in Sources */,
				3E70B87A2890E00E00DEBBFF /* ViewController.swift in Sources */,
				3E70B8762890E00E00DEBBFF /* AppDelegate.swift in Sources */,
				3E70B8782890E00E00DEBBFF /* SceneDelegate.swift in Sources */,
				3E70B8992890F3A100DEBBFF /* BFNetwork.swift in Sources */,
				3E70B88E2890EE1500DEBBFF /* Home.swift in Sources */,
				3E70B8932890EF4800DEBBFF /* UIImageView+Foundation.swift in Sources */,
			);
			runOnlyForDeploymentPostprocessing = 0;
		};
/* End PBXSourcesBuildPhase section */

/* Begin PBXVariantGroup section */
		3E70B87B2890E00E00DEBBFF /* Main.storyboard */ = {
			isa = PBXVariantGroup;
			children = (
				3E70B87C2890E00E00DEBBFF /* Base */,
			);
			name = Main.storyboard;
			sourceTree = "<group>";
		};
		3E70B8802890E02200DEBBFF /* LaunchScreen.storyboard */ = {
			isa = PBXVariantGroup;
			children = (
				3E70B8812890E02200DEBBFF /* Base */,
			);
			name = LaunchScreen.storyboard;
			sourceTree = "<group>";
		};
/* End PBXVariantGroup section */

/* Begin XCBuildConfiguration section */
		3E70B8842890E02200DEBBFF /* Debug */ = {
			isa = XCBuildConfiguration;
			buildSettings = {
				ALWAYS_SEARCH_USER_PATHS = NO;
				CLANG_ANALYZER_NONNULL = YES;
				CLANG_ANALYZER_NUMBER_OBJECT_CONVERSION = YES_AGGRESSIVE;
				CLANG_CXX_LANGUAGE_STANDARD = "gnu++17";
				CLANG_ENABLE_MODULES = YES;
				CLANG_ENABLE_OBJC_ARC = YES;
				CLANG_ENABLE_OBJC_WEAK = YES;
				CLANG_WARN_BLOCK_CAPTURE_AUTORELEASING = YES;
				CLANG_WARN_BOOL_CONVERSION = YES;
				CLANG_WARN_COMMA = YES;
				CLANG_WARN_CONSTANT_CONVERSION = YES;
				CLANG_WARN_DEPRECATED_OBJC_IMPLEMENTATIONS = YES;
				CLANG_WARN_DIRECT_OBJC_ISA_USAGE = YES_ERROR;
				CLANG_WARN_DOCUMENTATION_COMMENTS = YES;
				CLANG_WARN_EMPTY_BODY = YES;
				CLANG_WARN_ENUM_CONVERSION = YES;
				CLANG_WARN_INFINITE_RECURSION = YES;
				CLANG_WARN_INT_CONVERSION = YES;
				CLANG_WARN_NON_LITERAL_NULL_CONVERSION = YES;
				CLANG_WARN_OBJC_IMPLICIT_RETAIN_SELF = YES;
				CLANG_WARN_OBJC_LITERAL_CONVERSION = YES;
				CLANG_WARN_OBJC_ROOT_CLASS = YES_ERROR;
				CLANG_WARN_QUOTED_INCLUDE_IN_FRAMEWORK_HEADER = YES;
				CLANG_WARN_RANGE_LOOP_ANALYSIS = YES;
				CLANG_WARN_STRICT_PROTOTYPES = YES;
				CLANG_WARN_SUSPICIOUS_MOVE = YES;
				CLANG_WARN_UNGUARDED_AVAILABILITY = YES_AGGRESSIVE;
				CLANG_WARN_UNREACHABLE_CODE = YES;
				CLANG_WARN__DUPLICATE_METHOD_MATCH = YES;
				COPY_PHASE_STRIP = NO;
				DEBUG_INFORMATION_FORMAT = dwarf;
				ENABLE_STRICT_OBJC_MSGSEND = YES;
				ENABLE_TESTABILITY = YES;
				GCC_C_LANGUAGE_STANDARD = gnu11;
				GCC_DYNAMIC_NO_PIC = NO;
				GCC_NO_COMMON_BLOCKS = YES;
				GCC_OPTIMIZATION_LEVEL = 0;
				GCC_PREPROCESSOR_DEFINITIONS = (
					"DEBUG=1",
					"$(inherited)",
				);
				GCC_WARN_64_TO_32_BIT_CONVERSION = YES;
				GCC_WARN_ABOUT_RETURN_TYPE = YES_ERROR;
				GCC_WARN_UNDECLARED_SELECTOR = YES;
				GCC_WARN_UNINITIALIZED_AUTOS = YES_AGGRESSIVE;
				GCC_WARN_UNUSED_FUNCTION = YES;
				GCC_WARN_UNUSED_VARIABLE = YES;
				IPHONEOS_DEPLOYMENT_TARGET = 15.5;
				MTL_ENABLE_DEBUG_INFO = INCLUDE_SOURCE;
				MTL_FAST_MATH = YES;
				ONLY_ACTIVE_ARCH = YES;
				SDKROOT = iphoneos;
				SWIFT_ACTIVE_COMPILATION_CONDITIONS = DEBUG;
				SWIFT_OPTIMIZATION_LEVEL = "-Onone";
			};
			name = Debug;
		};
		3E70B8852890E02200DEBBFF /* Release */ = {
			isa = XCBuildConfiguration;
			buildSettings = {
				ALWAYS_SEARCH_USER_PATHS = NO;
				CLANG_ANALYZER_NONNULL = YES;
				CLANG_ANALYZER_NUMBER_OBJECT_CONVERSION = YES_AGGRESSIVE;
				CLANG_CXX_LANGUAGE_STANDARD = "gnu++17";
				CLANG_ENABLE_MODULES = YES;
				CLANG_ENABLE_OBJC_ARC = YES;
				CLANG_ENABLE_OBJC_WEAK = YES;
				CLANG_WARN_BLOCK_CAPTURE_AUTORELEASING = YES;
				CLANG_WARN_BOOL_CONVERSION = YES;
				CLANG_WARN_COMMA = YES;
				CLANG_WARN_CONSTANT_CONVERSION = YES;
				CLANG_WARN_DEPRECATED_OBJC_IMPLEMENTATIONS = YES;
				CLANG_WARN_DIRECT_OBJC_ISA_USAGE = YES_ERROR;
				CLANG_WARN_DOCUMENTATION_COMMENTS = YES;
				CLANG_WARN_EMPTY_BODY = YES;
				CLANG_WARN_ENUM_CONVERSION = YES;
				CLANG_WARN_INFINITE_RECURSION = YES;
				CLANG_WARN_INT_CONVERSION = YES;
				CLANG_WARN_NON_LITERAL_NULL_CONVERSION = YES;
				CLANG_WARN_OBJC_IMPLICIT_RETAIN_SELF = YES;
				CLANG_WARN_OBJC_LITERAL_CONVERSION = YES;
				CLANG_WARN_OBJC_ROOT_CLASS = YES_ERROR;
				CLANG_WARN_QUOTED_INCLUDE_IN_FRAMEWORK_HEADER = YES;
				CLANG_WARN_RANGE_LOOP_ANALYSIS = YES;
				CLANG_WARN_STRICT_PROTOTYPES = YES;
				CLANG_WARN_SUSPICIOUS_MOVE = YES;
				CLANG_WARN_UNGUARDED_AVAILABILITY = YES_AGGRESSIVE;
				CLANG_WARN_UNREACHABLE_CODE = YES;
				CLANG_WARN__DUPLICATE_METHOD_MATCH = YES;
				COPY_PHASE_STRIP = NO;
				DEBUG_INFORMATION_FORMAT = "dwarf-with-dsym";
				ENABLE_NS_ASSERTIONS = NO;
				ENABLE_STRICT_OBJC_MSGSEND = YES;
				GCC_C_LANGUAGE_STANDARD = gnu11;
				GCC_NO_COMMON_BLOCKS = YES;
				GCC_WARN_64_TO_32_BIT_CONVERSION = YES;
				GCC_WARN_ABOUT_RETURN_TYPE = YES_ERROR;
				GCC_WARN_UNDECLARED_SELECTOR = YES;
				GCC_WARN_UNINITIALIZED_AUTOS = YES_AGGRESSIVE;
				GCC_WARN_UNUSED_FUNCTION = YES;
				GCC_WARN_UNUSED_VARIABLE = YES;
				IPHONEOS_DEPLOYMENT_TARGET = 15.5;
				MTL_ENABLE_DEBUG_INFO = NO;
				MTL_FAST_MATH = YES;
				SDKROOT = iphoneos;
				SWIFT_COMPILATION_MODE = wholemodule;
				SWIFT_OPTIMIZATION_LEVEL = "-O";
				VALIDATE_PRODUCT = YES;
			};
			name = Release;
		};
		3E70B8872890E02200DEBBFF /* Debug */ = {
			isa = XCBuildConfiguration;
			baseConfigurationReference = 7794FF2DA090F3E9E82A6C1F /* Pods-BF_Test.debug.xcconfig */;
			buildSettings = {
				ASSETCATALOG_COMPILER_APPICON_NAME = AppIcon;
				ASSETCATALOG_COMPILER_GLOBAL_ACCENT_COLOR_NAME = AccentColor;
				CODE_SIGN_STYLE = Automatic;
				CURRENT_PROJECT_VERSION = 1;
				DEVELOPMENT_TEAM = LGUUP3RTXP;
				GENERATE_INFOPLIST_FILE = YES;
				INFOPLIST_FILE = BF_Test/Info.plist;
				INFOPLIST_KEY_UIApplicationSupportsIndirectInputEvents = YES;
				INFOPLIST_KEY_UILaunchStoryboardName = LaunchScreen;
				INFOPLIST_KEY_UIMainStoryboardFile = Main;
				INFOPLIST_KEY_UISupportedInterfaceOrientations_iPad = "UIInterfaceOrientationPortrait UIInterfaceOrientationPortraitUpsideDown UIInterfaceOrientationLandscapeLeft UIInterfaceOrientationLandscapeRight";
				INFOPLIST_KEY_UISupportedInterfaceOrientations_iPhone = "UIInterfaceOrientationPortrait UIInterfaceOrientationLandscapeLeft UIInterfaceOrientationLandscapeRight";
				IPHONEOS_DEPLOYMENT_TARGET = 13.0;
				LD_RUNPATH_SEARCH_PATHS = (
					"$(inherited)",
					"@executable_path/Frameworks",
				);
				MARKETING_VERSION = 1.0;
				PRODUCT_BUNDLE_IDENTIFIER = "mino.BF-Test";
				PRODUCT_NAME = "$(TARGET_NAME)";
				SWIFT_EMIT_LOC_STRINGS = YES;
				SWIFT_VERSION = 5.0;
				TARGETED_DEVICE_FAMILY = 1;
			};
			name = Debug;
		};
		3E70B8882890E02200DEBBFF /* Release */ = {
			isa = XCBuildConfiguration;
			baseConfigurationReference = 1B035D886B4939A528D3F427 /* Pods-BF_Test.release.xcconfig */;
			buildSettings = {
				ASSETCATALOG_COMPILER_APPICON_NAME = AppIcon;
				ASSETCATALOG_COMPILER_GLOBAL_ACCENT_COLOR_NAME = AccentColor;
				CODE_SIGN_STYLE = Automatic;
				CURRENT_PROJECT_VERSION = 1;
				DEVELOPMENT_TEAM = LGUUP3RTXP;
				GENERATE_INFOPLIST_FILE = YES;
				INFOPLIST_FILE = BF_Test/Info.plist;
				INFOPLIST_KEY_UIApplicationSupportsIndirectInputEvents = YES;
				INFOPLIST_KEY_UILaunchStoryboardName = LaunchScreen;
				INFOPLIST_KEY_UIMainStoryboardFile = Main;
				INFOPLIST_KEY_UISupportedInterfaceOrientations_iPad = "UIInterfaceOrientationPortrait UIInterfaceOrientationPortraitUpsideDown UIInterfaceOrientationLandscapeLeft UIInterfaceOrientationLandscapeRight";
				INFOPLIST_KEY_UISupportedInterfaceOrientations_iPhone = "UIInterfaceOrientationPortrait UIInterfaceOrientationLandscapeLeft UIInterfaceOrientationLandscapeRight";
				IPHONEOS_DEPLOYMENT_TARGET = 13.0;
				LD_RUNPATH_SEARCH_PATHS = (
					"$(inherited)",
					"@executable_path/Frameworks",
				);
				MARKETING_VERSION = 1.0;
				PRODUCT_BUNDLE_IDENTIFIER = "mino.BF-Test";
				PRODUCT_NAME = "$(TARGET_NAME)";
				SWIFT_EMIT_LOC_STRINGS = YES;
				SWIFT_VERSION = 5.0;
				TARGETED_DEVICE_FAMILY = 1;
			};
			name = Release;
		};
/* End XCBuildConfiguration section */

/* Begin XCConfigurationList section */
		3E70B86D2890E00E00DEBBFF /* Build configuration list for PBXProject "BF_Test" */ = {
			isa = XCConfigurationList;
			buildConfigurations = (
				3E70B8842890E02200DEBBFF /* Debug */,
				3E70B8852890E02200DEBBFF /* Release */,
			);
			defaultConfigurationIsVisible = 0;
			defaultConfigurationName = Release;
		};
		3E70B8862890E02200DEBBFF /* Build configuration list for PBXNativeTarget "BF_Test" */ = {
			isa = XCConfigurationList;
			buildConfigurations = (
				3E70B8872890E02200DEBBFF /* Debug */,
				3E70B8882890E02200DEBBFF /* Release */,
			);
			defaultConfigurationIsVisible = 0;
			defaultConfigurationName = Release;
		};
/* End XCConfigurationList section */
	};
	rootObject = 3E70B86A2890E00E00DEBBFF /* Project object */;
}
